{
  "nodes": {
    "bootspec-secureboot": {
      "inputs": {
        "nixpkgs": [
          "nixpkgs"
        ]
      },
      "locked": {
        "lastModified": 1663598402,
        "narHash": "sha256-z2Hqm2lciJcD00+YG1vO1PGbRBGDrj99MTt+QEEs6KI=",
        "owner": "DeterminateSystems",
        "repo": "bootspec-secureboot",
        "rev": "31cc8d0acd716f93ee8fdc1fb618cc1145b19e09",
        "type": "github"
      },
      "original": {
        "owner": "DeterminateSystems",
        "ref": "main",
        "repo": "bootspec-secureboot",
        "type": "github"
      }
    },
    "darwin": {
      "inputs": {
        "nixpkgs": [
          "nixpkgs"
        ]
      },
      "locked": {
        "lastModified": 1664653051,
        "narHash": "sha256-beb+NuuL1T2O+cM2lZr1hPrYY7vXL+R6drugf1e3xvk=",
        "owner": "kclejeune",
        "repo": "nix-darwin",
        "rev": "3a78a2eab4a7d531887acd215f1bba7311e4a86f",
        "type": "github"
      },
      "original": {
        "owner": "kclejeune",
        "repo": "nix-darwin",
        "type": "github"
      }
    },
    "devshell": {
      "inputs": {
        "flake-utils": [
          "flake-utils"
        ],
        "nixpkgs": [
          "nixpkgs"
        ]
      },
      "locked": {
        "lastModified": 1663445644,
        "narHash": "sha256-+xVlcK60x7VY1vRJbNUEAHi17ZuoQxAIH4S4iUFUGBA=",
        "owner": "numtide",
        "repo": "devshell",
        "rev": "e3dc3e21594fe07bdb24bdf1c8657acaa4cb8f66",
        "type": "github"
      },
      "original": {
        "owner": "numtide",
        "repo": "devshell",
        "type": "github"
      }
    },
    "flake-utils": {
      "locked": {
        "lastModified": 1659877975,
        "narHash": "sha256-zllb8aq3YO3h8B/U0/J1WBgAL8EX5yWf5pMj3G0NAmc=",
        "owner": "numtide",
        "repo": "flake-utils",
        "rev": "c0e246b9b83f637f4681389ecabcb2681b4f3af0",
        "type": "github"
      },
      "original": {
        "owner": "numtide",
        "repo": "flake-utils",
        "type": "github"
      }
    },
    "home-manager": {
      "inputs": {
        "nixpkgs": [
          "nixpkgs"
        ],
        "utils": [
          "flake-utils"
        ]
      },
      "locked": {
        "lastModified": 1665520899,
        "narHash": "sha256-N8BYMgvrAYhiXeyrcEeLgngZZaU6MVVocSa+tIfyMyg=",
        "owner": "nix-community",
        "repo": "home-manager",
        "rev": "5597b3a7425a9e3f41128308cb1105d3e780f633",
        "type": "github"
      },
      "original": {
        "owner": "nix-community",
        "ref": "master",
        "repo": "home-manager",
        "type": "github"
      }
    },
    "nixos-hardware": {
      "locked": {
        "lastModified": 1665321371,
        "narHash": "sha256-0SO6MTW0bX6lxZmz1AZW/Xmk+hnTd7/hp1vF7Tp7jg0=",
        "owner": "nixos",
        "repo": "nixos-hardware",
        "rev": "236ba4df714131059945d7754c0aa3fbe9d2f74c",
        "type": "github"
      },
      "original": {
        "owner": "nixos",
        "repo": "nixos-hardware",
        "type": "github"
      }
    },
    "nixos-unstable": {
      "locked": {
        "lastModified": 1665598296,
        "narHash": "sha256-YtloOhwDQbmmivoFyaAFP8BxNRAHSN9epl90+FE3BDQ=",
        "owner": "ELD",
        "repo": "nixpkgs",
        "rev": "caae3e4fe97514c5366c31795262d5efe1f57ec9",
        "type": "github"
      },
      "original": {
        "owner": "ELD",
        "ref": "nixos-unstable-bootspec-patched",
        "repo": "nixpkgs",
        "type": "github"
      }
    },
    "nixpkgs": {
      "locked": {
        "lastModified": 1665598418,
        "narHash": "sha256-h0cU1Z/4eXlRnqJMHXDg89JsPu2OyICbu5BTOvei30Q=",
        "owner": "ELD",
        "repo": "nixpkgs",
        "rev": "9c3b92e8ac69a46b6aeaf5411420505c31557689",
        "type": "github"
      },
      "original": {
        "owner": "ELD",
        "ref": "nixpkgs-unstable-bootspec-patched",
        "repo": "nixpkgs",
        "type": "github"
      }
    },
    "root": {
      "inputs": {
        "bootspec-secureboot": "bootspec-secureboot",
        "darwin": "darwin",
        "devshell": "devshell",
        "flake-utils": "flake-utils",
        "home-manager": "home-manager",
        "nixos-hardware": "nixos-hardware",
        "nixos-unstable": "nixos-unstable",
        "nixpkgs": "nixpkgs",
        "small": "small",
        "stable": "stable"
      }
    },
    "small": {
      "locked": {
        "lastModified": 1665577221,
        "narHash": "sha256-UrN2UFSeWrZHYDhRNOzyG4Vo74iShbR/jG6B/OwV410=",
        "owner": "nixos",
        "repo": "nixpkgs",
        "rev": "7fc8453a6872573b1f0c75118a09367d1461b3ac",
        "type": "github"
      },
      "original": {
        "owner": "nixos",
        "ref": "nixos-unstable-small",
        "repo": "nixpkgs",
        "type": "github"
      }
    },
    "stable": {
      "locked": {
        "lastModified": 1665466769,
        "narHash": "sha256-L+qcHpb4Ac3PipMXJY/Ktbu1+KXy23WCZ8pXWmsf7zY=",
        "owner": "nixos",
        "repo": "nixpkgs",
        "rev": "0b20bf89e0035b6d62ad58f9db8fdbc99c2b01e8",
        "type": "github"
      },
      "original": {
        "owner": "nixos",
        "ref": "nixos-22.05",
        "repo": "nixpkgs",
        "type": "github"
      }
    }
  },
  "root": "root",
  "version": 7
}
